
Microsoft Visual Studio Solution File, Format Version 12.00
# Visual Studio Version 17
VisualStudioVersion = 17.4.33015.44
MinimumVisualStudioVersion = 10.0.40219.1
Project("{FAE04EC0-301F-11D3-BF4B-00C04F79EFBC}") = "edp-project", "edp-project\edp-project.csproj", "{3D62FB3D-0509-4A95-8379-6E21337FC912}"
EndProject
Global
	GlobalSection(SolutionConfigurationPlatforms) = preSolution
		Debug|Any CPU = Debug|Any CPU
		Release|Any CPU = Release|Any CPU
	EndGlobalSection
	GlobalSection(ProjectConfigurationPlatforms) = postSolution
		{3D62FB3D-0509-4A95-8379-6E21337FC912}.Debug|Any CPU.ActiveCfg = Debug|Any CPU
		{3D62FB3D-0509-4A95-8379-6E21337FC912}.Debug|Any CPU.Build.0 = Debug|Any CPU
		{3D62FB3D-0509-4A95-8379-6E21337FC912}.Release|Any CPU.ActiveCfg = Release|Any CPU
		{3D62FB3D-0509-4A95-8379-6E21337FC912}.Release|Any CPU.Build.0 = Release|Any CPU
	EndGlobalSection
	GlobalSection(SolutionProperties) = preSolution
		HideSolutionNode = FALSE
	EndGlobalSection
	GlobalSection(ExtensibilityGlobals) = postSolution
		SolutionGuid = {0A81076B-DDE1-4980-B0C1-E332F5EBC55C}
	EndGlobalSection
EndGlobal
